<?xml version="1.0" encoding="utf-8"?>
<Project ToolsVersion="4.0" xmlns="http://schemas.microsoft.com/developer/msbuild/2003">
  <ItemGroup>
    <Filter Include="Source Files">
      <UniqueIdentifier>{4FC737F1-C7A5-4376-A066-2A32D752A2FF}</UniqueIdentifier>
      <Extensions>cpp;c;cc;cxx;def;odl;idl;hpj;bat;asm;asmx</Extensions>
    </Filter>
  </ItemGroup>
  <ItemGroup>
    <ClInclude Include="Source\EvaluationFunction.h">
      <Filter>Source Files</Filter>
    </ClInclude>
    <ClInclude Include="Source\GameState.h">
      <Filter>Source Files</Filter>
    </ClInclude>
    <ClInclude Include="Source\targetver.h">
      <Filter>Source Files</Filter>
    </ClInclude>
    <ClInclude Include="Source\stdafx.h">
      <Filter>Source Files</Filter>
    </ClInclude>
    <ClInclude Include="Source\StarAlgoExtra.h">
      <Filter>Source Files</Filter>
    </ClInclude>
    <ClInclude Include="Source\ActionGenerator.h">
      <Filter>Source Files</Filter>
    </ClInclude>
    <ClInclude Include="Source\ActionProbabilities.h">
      <Filter>Source Files</Filter>
    </ClInclude>
    <ClInclude Include="Source\CombatSimulator.h">
      <Filter>Source Files</Filter>
    </ClInclude>
    <ClInclude Include="Source\TargetSorting.h">
      <Filter>Source Files</Filter>
    </ClInclude>
    <ClInclude Include="Source\MCTSCD.h">
      <Filter>Source Files</Filter>
    </ClInclude>
    <ClInclude Include="Source\Negamax.h">
      <Filter>Source Files</Filter>
    </ClInclude>
    <ClInclude Include="Source\GameNode.h">
      <Filter>Source Files</Filter>
    </ClInclude>
    <ClInclude Include="Source\UnitInfoStatic.h">
      <Filter>Source Files</Filter>
    </ClInclude>
    <ClInclude Include="Source\CombatSimDecreased.h">
      <Filter>Source Files</Filter>
    </ClInclude>
    <ClInclude Include="Source\RegionManager.h">
      <Filter>Source Files</Filter>
    </ClInclude>
  </ItemGroup>
  <ItemGroup>
    <ClCompile Include="Source\EvaluationFunction.cpp">
      <Filter>Source Files</Filter>
    </ClCompile>
    <ClCompile Include="Source\GameState.cpp">
      <Filter>Source Files</Filter>
    </ClCompile>
    <ClCompile Include="Source\stdafx.cpp">
      <Filter>Source Files</Filter>
    </ClCompile>
    <ClCompile Include="Source\StarAlgoExtra.cpp">
      <Filter>Source Files</Filter>
    </ClCompile>
    <ClCompile Include="Source\ActionGenerator.cpp">
      <Filter>Source Files</Filter>
    </ClCompile>
    <ClCompile Include="Source\TargetSorting.cpp">
      <Filter>Source Files</Filter>
    </ClCompile>
    <ClCompile Include="Source\MCTSCD.cpp">
      <Filter>Source Files</Filter>
    </ClCompile>
    <ClCompile Include="Source\GameNode.cpp">
      <Filter>Source Files</Filter>
    </ClCompile>
    <ClCompile Include="Source\UnitInfoStatic.cpp">
      <Filter>Source Files</Filter>
    </ClCompile>
    <ClCompile Include="Source\CombatSimDecreased.cpp">
      <Filter>Source Files</Filter>
    </ClCompile>
    <ClCompile Include="Source\CombatSimulator.cpp">
      <Filter>Source Files</Filter>
    </ClCompile>
    <ClCompile Include="Source\RegionManager.cpp">
      <Filter>Source Files</Filter>
    </ClCompile>
  </ItemGroup>
  <ItemGroup>
    <None Include="ClassDiagram2.cd" />
  </ItemGroup>
</Project>